
Microsoft Visual Studio Solution File, Format Version 12.00
# Visual Studio Version 17
VisualStudioVersion = 17.14.36310.24
MinimumVisualStudioVersion = 10.0.40219.1
Project("{2150E333-8FDC-42A3-9474-1A3956D46DE8}") = "src", "src", "{369CB01D-A1A7-72D2-AABC-3F0945D148A2}"
EndProject
Project("{FAE04EC0-301F-11D3-BF4B-00C04F79EFBC}") = "Securely.net", "Securely.net\Securely.net.csproj", "{BDA0FD40-DD74-4A96-AF2A-C9E6763984F1}"
EndProject
Global
	GlobalSection(SolutionConfigurationPlatforms) = preSolution
		Debug|Any CPU = Debug|Any CPU
		Release|Any CPU = Release|Any CPU
	EndGlobalSection
	GlobalSection(ProjectConfigurationPlatforms) = postSolution
		{BDA0FD40-DD74-4A96-AF2A-C9E6763984F1}.Debug|Any CPU.ActiveCfg = Debug|Any CPU
		{BDA0FD40-DD74-4A96-AF2A-C9E6763984F1}.Debug|Any CPU.Build.0 = Debug|Any CPU
		{BDA0FD40-DD74-4A96-AF2A-C9E6763984F1}.Release|Any CPU.ActiveCfg = Release|Any CPU
		{BDA0FD40-DD74-4A96-AF2A-C9E6763984F1}.Release|Any CPU.Build.0 = Release|Any CPU
	EndGlobalSection
	GlobalSection(SolutionProperties) = preSolution
		HideSolutionNode = FALSE
	EndGlobalSection
	GlobalSection(NestedProjects) = preSolution
		{BDA0FD40-DD74-4A96-AF2A-C9E6763984F1} = {369CB01D-A1A7-72D2-AABC-3F0945D148A2}
	EndGlobalSection
	GlobalSection(ExtensibilityGlobals) = postSolution
		SolutionGuid = {183D1F02-713D-40E9-8C74-83CE2AB682A0}
	EndGlobalSection
EndGlobal
